lockfileVersion: '9.0'

settings:
  autoInstallPeers: true
  excludeLinksFromLockfile: false

importers:

  .:
    dependencies:
      '@xterm/addon-fit':
        specifier: ^0.11.0
        version: 0.11.0
      '@xterm/addon-web-links':
        specifier: ^0.12.0
        version: 0.12.0
      '@xterm/xterm':
        specifier: ^6.0.0
        version: 6.0.0
      node-pty:
        specifier: ^1.1.0
        version: 1.1.0
      ws:
        specifier: ^8.18.0
        version: 8.20.0
    devDependencies:
      playwright:
        specifier: ^1.59.1
        version: 1.59.1
      portless:
        specifier: ^0.13.0
        version: 0.13.0

packages:

  '@xterm/addon-fit@0.11.0':
    resolution: {integrity: sha512-jYcgT6xtVYhnhgxh3QgYDnnNMYTcf8ElbxxFzX0IZo+vabQqSPAjC3c1wJrKB5E19VwQei89QCiZZP86DCPF7g==}

  '@xterm/addon-web-links@0.12.0':
    resolution: {integrity: sha512-4Smom3RPyVp7ZMYOYDoC/9eGJJJqYhnPLGGqJ6wOBfB8VxPViJNSKdgRYb8NpaM6YSelEKbA2SStD7lGyqaobw==}

  '@xterm/xterm@6.0.0':
    resolution: {integrity: sha512-TQwDdQGtwwDt+2cgKDLn0IRaSxYu1tSUjgKarSDkUM0ZNiSRXFpjxEsvc/Zgc5kq5omJ+V0a8/kIM2WD3sMOYg==}

  fsevents@2.3.2:
    resolution: {integrity: sha512-xiqMQR4xAeHTuB9uWm+fFRcIOgKBMiOBP+eXiyT7jsgVCq1bkVygt00oASowB7EdtpOHaaPgKt812P9ab+DDKA==}
    engines: {node: ^8.16.0 || ^10.6.0 || >=11.0.0}
    os: [darwin]

  node-addon-api@7.1.1:
    resolution: {integrity: sha512-5m3bsyrjFWE1xf7nz7YXdN4udnVtXK6/Yfgn5qnahL6bCkf2yKt4k3nuTKAtT4r3IG8JNR2ncsIMdZuAzJjHQQ==}

  node-pty@1.1.0:
    resolution: {integrity: sha512-20JqtutY6JPXTUnL0ij1uad7Qe1baT46lyolh2sSENDd4sTzKZ4nmAFkeAARDKwmlLjPx6XKRlwRUxwjOy+lUg==}

  playwright-core@1.59.1:
    resolution: {integrity: sha512-HBV/RJg81z5BiiZ9yPzIiClYV/QMsDCKUyogwH9p3MCP6IYjUFu/MActgYAvK0oWyV9NlwM3GLBjADyWgydVyg==}
    engines: {node: '>=18'}
    hasBin: true

  playwright@1.59.1:
    resolution: {integrity: sha512-C8oWjPR3F81yljW9o5OxcWzfh6avkVwDD2VYdwIGqTkl+OGFISgypqzfu7dOe4QNLL2aqcWBmI3PMtLIK233lw==}
    engines: {node: '>=18'}
    hasBin: true

  portless@0.13.0:
    resolution: {integrity: sha512-PxMZ5BHH+ZZi9rTq4T8m003aZxh56qI0aBdNsxLn7jrTtvNJYBWYD3lc5PuQrom/aVh6z8iLb+tKUI6b7QNYQw==}
    engines: {node: '>=20'}
    os: [darwin, linux, win32]
    hasBin: true

  ws@8.20.0:
    resolution: {integrity: sha512-sAt8BhgNbzCtgGbt2OxmpuryO63ZoDk/sqaB/znQm94T4fCEsy/yV+7CdC1kJhOU9lboAEU7R3kquuycDoibVA==}
    engines: {node: '>=10.0.0'}
    peerDependencies:
      bufferutil: ^4.0.1
      utf-8-validate: '>=5.0.2'
    peerDependenciesMeta:
      bufferutil:
        optional: true
      utf-8-validate:
        optional: true

snapshots:

  '@xterm/addon-fit@0.11.0': {}

  '@xterm/addon-web-links@0.12.0': {}

  '@xterm/xterm@6.0.0': {}

  fsevents@2.3.2:
    optional: true

  node-addon-api@7.1.1: {}

  node-pty@1.1.0:
    dependencies:
      node-addon-api: 7.1.1

  playwright-core@1.59.1: {}

  playwright@1.59.1:
    dependencies:
      playwright-core: 1.59.1
    optionalDependencies:
      fsevents: 2.3.2

  portless@0.13.0: {}

  ws@8.20.0: {}
